
Microsoft Visual Studio Solution File, Format Version 12.00
# Visual Studio Version 16
VisualStudioVersion = 16.0.30503.244
MinimumVisualStudioVersion = 10.0.40219.1
Project("{FAE04EC0-301F-11D3-BF4B-00C04F79EFBC}") = "WebApi", "WebApi\WebApi.csproj", "{48A3950D-2A77-4E90-8663-4E71201EA3C2}"
EndProject
Global
	GlobalSection(SolutionConfigurationPlatforms) = preSolution
		Debug|Any CPU = Debug|Any CPU
		Release|Any CPU = Release|Any CPU
	EndGlobalSection
	GlobalSection(ProjectConfigurationPlatforms) = postSolution
		{48A3950D-2A77-4E90-8663-4E71201EA3C2}.Debug|Any CPU.ActiveCfg = Debug|Any CPU
		{48A3950D-2A77-4E90-8663-4E71201EA3C2}.Debug|Any CPU.Build.0 = Debug|Any CPU
		{48A3950D-2A77-4E90-8663-4E71201EA3C2}.Release|Any CPU.ActiveCfg = Release|Any CPU
		{48A3950D-2A77-4E90-8663-4E71201EA3C2}.Release|Any CPU.Build.0 = Release|Any CPU
	EndGlobalSection
	GlobalSection(SolutionProperties) = preSolution
		HideSolutionNode = FALSE
	EndGlobalSection
	GlobalSection(ExtensibilityGlobals) = postSolution
		SolutionGuid = {C517AB62-430D-494A-95EF-042977842EDD}
	EndGlobalSection
EndGlobal
